
Microsoft Visual Studio Solution File, Format Version 12.00
# Visual Studio Version 17
VisualStudioVersion = 17.4.33213.308
MinimumVisualStudioVersion = 10.0.40219.1
Project("{FAE04EC0-301F-11D3-BF4B-00C04F79EFBC}") = "ResourceMonitor", "ResourceMonitor\ResourceMonitor.csproj", "{B49D6ADF-1C20-40DF-808A-58A0AE62657B}"
EndProject
Global
	GlobalSection(SolutionConfigurationPlatforms) = preSolution
		Debug|Any CPU = Debug|Any CPU
		Release|Any CPU = Release|Any CPU
	EndGlobalSection
	GlobalSection(ProjectConfigurationPlatforms) = postSolution
		{B49D6ADF-1C20-40DF-808A-58A0AE62657B}.Debug|Any CPU.ActiveCfg = Debug|Any CPU
		{B49D6ADF-1C20-40DF-808A-58A0AE62657B}.Debug|Any CPU.Build.0 = Debug|Any CPU
		{B49D6ADF-1C20-40DF-808A-58A0AE62657B}.Release|Any CPU.ActiveCfg = Release|Any CPU
		{B49D6ADF-1C20-40DF-808A-58A0AE62657B}.Release|Any CPU.Build.0 = Release|Any CPU
	EndGlobalSection
	GlobalSection(SolutionProperties) = preSolution
		HideSolutionNode = FALSE
	EndGlobalSection
	GlobalSection(ExtensibilityGlobals) = postSolution
		SolutionGuid = {D9F8B286-37F6-4A01-ADE4-37F69832E51A}
	EndGlobalSection
EndGlobal
